# THIS IS AN AUTOGENERATED FILE. DO NOT EDIT THIS FILE DIRECTLY.
# yarn lockfile v1


"@babel/runtime@^7.0.0", "@babel/runtime@^7.12.5", "@babel/runtime@^7.16.0", "@babel/runtime@^7.20.0", "@babel/runtime@^7.20.1":
  version "7.20.13"
  resolved "https://registry.yarnpkg.com/@babel/runtime/-/runtime-7.20.13.tgz#7055ab8a7cff2b8f6058bf6ae45ff84ad2aded4b"
  integrity sha512-gt3PKXs0DBoL9xCvOIIZ2NEqAGZqHjAnmVbfQtB620V0uReIQutpel14KcneZuer7UioY8ALKZ7iocavvzTNFA==
  dependencies:
    regenerator-runtime "^0.13.11"

"@juggle/resize-observer@^3.3.1", "@juggle/resize-observer@^3.4.0":
  version "3.4.0"
  resolved "https://registry.yarnpkg.com/@juggle/resize-observer/-/resize-observer-3.4.0.tgz#08d6c5e20cf7e4cc02fd181c4b0c225cd31dbb60"
  integrity sha512-dfLbk+PwWvFzSxwk3n5ySL0hfBog779o8h68wK/7/APo/7cgyWp5jcXockbxdk5kFRkbeXWm4Fbi9FrdN381sA==

"@rsuite/icon-font@^4.0.0":
  version "4.0.0"
  resolved "https://registry.yarnpkg.com/@rsuite/icon-font/-/icon-font-4.0.0.tgz#c4a772af5020bb3bbf74761879f80da23e914123"
  integrity sha512-rZTgpTH3H3HLczCA2rnkWfoMKm0ZXoRzsrkVujfP/FfslnKUMvO6w56pa8pCvhWGpNEPUsLS2ULnFGpTEcup/Q==

"@rsuite/icons@^1.0.0", "@rsuite/icons@^1.0.2":
  version "1.0.2"
  resolved "https://registry.yarnpkg.com/@rsuite/icons/-/icons-1.0.2.tgz#1b53f6e5dc1dabec7a40ac5773ecc2172f05d09e"
  integrity sha512-Y7vJNDQpJnFlyYSUXQ2iQ9Meg7+ZKcrIenhpYDdM3c7vYDE/L7pml+hrK28jk6QfV/QkVv5B504D+l7aM6AAJQ==
  dependencies:
    "@rsuite/icon-font" "^4.0.0"
    classnames "^2.2.5"
    insert-css "^2.0.0"
    lodash "^4.17.20"

"@types/chai@^4.3.3":
  version "4.3.4"
  resolved "https://registry.yarnpkg.com/@types/chai/-/chai-4.3.4.tgz#e913e8175db8307d78b4e8fa690408ba6b65dee4"
  integrity sha512-KnRanxnpfpjUTqTCXslZSEdLfXExwgNxYPdiO2WGUj8+HDjFi8R3k5RVKPeSCzLjCcshCAtVO2QBbVuAV4kTnw==

"@types/lodash@^4.14.184":
  version "4.14.191"
  resolved "https://registry.yarnpkg.com/@types/lodash/-/lodash-4.14.191.tgz#09511e7f7cba275acd8b419ddac8da9a6a79e2fa"
  integrity sha512-BdZ5BCCvho3EIXw6wUCXHe7rS53AIDPLE+JzwgT+OsJk53oBfbSmZZ7CX4VaRoN78N+TJpFi9QPlfIVNmJYWxQ==

"@types/prop-types@*", "@types/prop-types@^15.7.5":
  version "15.7.5"
  resolved "https://registry.yarnpkg.com/@types/prop-types/-/prop-types-15.7.5.tgz#5f19d2b85a98e9558036f6a3cacc8819420f05cf"
  integrity sha512-JCB8C6SnDoQf0cNycqd/35A7MjcnK+ZTqE7judS6o7utxUCg6imJg3QK2qzHKszlTjcj2cn+NwMB2i96ubpj7w==

"@types/react-window@^1.8.5":
  version "1.8.5"
  resolved "https://registry.yarnpkg.com/@types/react-window/-/react-window-1.8.5.tgz#285fcc5cea703eef78d90f499e1457e9b5c02fc1"
  integrity sha512-V9q3CvhC9Jk9bWBOysPGaWy/Z0lxYcTXLtLipkt2cnRj1JOSFNF7wqGpkScSXMgBwC+fnVRg/7shwgddBG5ICw==
  dependencies:
    "@types/react" "*"

"@types/react@*":
  version "18.0.28"
  resolved "https://registry.yarnpkg.com/@types/react/-/react-18.0.28.tgz#accaeb8b86f4908057ad629a26635fe641480065"
  integrity sha512-RD0ivG1kEztNBdoAK7lekI9M+azSnitIn85h4iOiaLjaTrMjzslhaqCGaI4IyCJ1RljWiLCEu4jyrLLgqxBTew==
  dependencies:
    "@types/prop-types" "*"
    "@types/scheduler" "*"
    csstype "^3.0.2"

"@types/scheduler@*":
  version "0.16.2"
  resolved "https://registry.yarnpkg.com/@types/scheduler/-/scheduler-0.16.2.tgz#1a62f89525723dde24ba1b01b092bf5df8ad4d39"
  integrity sha512-hppQEBDmlwhFAXKJX2KnWLYu5yMfi91yazPb2l+lbJiwW+wdo1gNeRA+3RgNSO39WYX2euey41KEwnqesU2Jew==

classnames@^2.2.5, classnames@^2.3.1:
  version "2.3.2"
  resolved "https://registry.yarnpkg.com/classnames/-/classnames-2.3.2.tgz#351d813bf0137fcc6a76a16b88208d2560a0d924"
  integrity sha512-CSbhY4cFEJRe6/GQzIk5qXZ4Jeg5pcsP7b5peFSDpffpe1cqjASH/n9UTjBwOp6XpMSTwQ8Za2K5V02ueA7Tmw==

csstype@^3.0.2:
  version "3.1.1"
  resolved "https://registry.yarnpkg.com/csstype/-/csstype-3.1.1.tgz#841b532c45c758ee546a11d5bd7b7b473c8c30b9"
  integrity sha512-DJR/VvkAvSZW9bTouZue2sSxDwdTN92uHjqeKVm+0dAqdfNykRzQ95tay8aXMBAAPpUiq4Qcug2L7neoRh2Egw==

date-fns@^2.29.3:
  version "2.29.3"
  resolved "https://registry.yarnpkg.com/date-fns/-/date-fns-2.29.3.tgz#27402d2fc67eb442b511b70bbdf98e6411cd68a8"
  integrity sha512-dDCnyH2WnnKusqvZZ6+jA1O51Ibt8ZMRNkDZdyAyK4YfbDwa/cEmuztzG5pk6hqlp9aSBPYcjOlktquahGwGeA==

dom-lib@^3.1.3:
  version "3.1.6"
  resolved "https://registry.yarnpkg.com/dom-lib/-/dom-lib-3.1.6.tgz#4e69d6d033dc75491ed0513d2c32d0742b1721e2"
  integrity sha512-xXEhStHDoAyfhnz8mqDwZ9rnqdqz/9BcrKd1UEw6BlA/l17emFb2dK7q8IX8ArU31pScSU9otEnL6wzvpoT5aw==
  dependencies:
    "@babel/runtime" "^7.20.0"

insert-css@^2.0.0:
  version "2.0.0"
  resolved "https://registry.yarnpkg.com/insert-css/-/insert-css-2.0.0.tgz#eb5d1097b7542f4c79ea3060d3aee07d053880f4"
  integrity sha512-xGq5ISgcUP5cvGkS2MMFLtPDBtrtQPSFfC6gA6U8wHKqfjTIMZLZNxOItQnoSjdOzlXOLU/yD32RKC4SvjNbtA==

"js-tokens@^3.0.0 || ^4.0.0":
  version "4.0.0"
  resolved "https://registry.yarnpkg.com/js-tokens/-/js-tokens-4.0.0.tgz#19203fb59991df98e3a287050d4647cdeaf32499"
  integrity sha512-RdJUflcE3cUzKiMqQgsCu06FPu9UdIJO0beYbPhHN4k6apgJtifcoCtT9bcxOpYBtpD2kCM6Sbzg4CausW/PKQ==

lodash@^4.17.11, lodash@^4.17.20, lodash@^4.17.21:
  version "4.17.21"
  resolved "https://registry.yarnpkg.com/lodash/-/lodash-4.17.21.tgz#679591c564c3bffaae8454cf0b3df370c3d6911c"
  integrity sha512-v2kDEe57lecTulaDIuNTPy3Ry4gLGJ6Z1O3vE1krgXZNrsQ+LFTGHVxVjcXPs17LhbZVGedAJv8XZ1tvj5FvSg==

loose-envify@^1.4.0:
  version "1.4.0"
  resolved "https://registry.yarnpkg.com/loose-envify/-/loose-envify-1.4.0.tgz#71ee51fa7be4caec1a63839f7e682d8132d30caf"
  integrity sha512-lyuxPGr/Wfhrlem2CL/UcnUc1zcqKAImBDzukY7Y5F/yQiNdko6+fRLevlw1HgMySw7f611UIY408EtxRSoK3Q==
  dependencies:
    js-tokens "^3.0.0 || ^4.0.0"

"memoize-one@>=3.1.1 <6":
  version "5.2.1"
  resolved "https://registry.yarnpkg.com/memoize-one/-/memoize-one-5.2.1.tgz#8337aa3c4335581839ec01c3d594090cebe8f00e"
  integrity sha512-zYiwtZUcYyXKo/np96AGZAckk+FWWsUdJ3cHGGmld7+AhvcWmQyGCYUh1hc4Q/pkOhb65dQR/pqCyK0cOaHz4Q==

object-assign@^4.1.1:
  version "4.1.1"
  resolved "https://registry.yarnpkg.com/object-assign/-/object-assign-4.1.1.tgz#2109adc7965887cfc05cbbd442cac8bfbb360863"
  integrity sha512-rJgTQnkUnH1sFw8yT6VSU3zD3sWmu6sZhIseY8VX+GRu3P6F7Fu+JNDoXfklElbLJSnc3FUQHVe4cU5hj+BcUg==

prop-types@^15.8.1:
  version "15.8.1"
  resolved "https://registry.yarnpkg.com/prop-types/-/prop-types-15.8.1.tgz#67d87bf1a694f48435cf332c24af10214a3140b5"
  integrity sha512-oj87CgZICdulUohogVAR7AjlC0327U4el4L6eAvOqCeudMDVU0NThNaV+b9Df4dXgSP1gXMTnPdhfe/2qDH5cg==
  dependencies:
    loose-envify "^1.4.0"
    object-assign "^4.1.1"
    react-is "^16.13.1"

react-is@^16.13.1:
  version "16.13.1"
  resolved "https://registry.yarnpkg.com/react-is/-/react-is-16.13.1.tgz#789729a4dc36de2999dc156dd6c1d9c18cea56a4"
  integrity sha512-24e6ynE2H+OKt4kqsOvNd8kBpV65zoxbA4BVsEOB3ARVWQki/DHzaUoC5KuON/BiccDaCCTZBuOcfZs70kR8bQ==

react-is@^17.0.2:
  version "17.0.2"
  resolved "https://registry.yarnpkg.com/react-is/-/react-is-17.0.2.tgz#e691d4a8e9c789365655539ab372762b0efb54f0"
  integrity sha512-w2GsyukL62IJnlaff/nRegPQR94C/XXamvMWmSHRJ4y7Ts/4ocGRmTHvOs8PSE6pB3dWOrD/nueuU5sduBsQ4w==

react-window@^1.8.8:
  version "1.8.8"
  resolved "https://registry.yarnpkg.com/react-window/-/react-window-1.8.8.tgz#1b52919f009ddf91970cbdb2050a6c7be44df243"
  integrity sha512-D4IiBeRtGXziZ1n0XklnFGu7h9gU684zepqyKzgPNzrsrk7xOCxni+TCckjg2Nr/DiaEEGVVmnhYSlT2rB47dQ==
  dependencies:
    "@babel/runtime" "^7.0.0"
    memoize-one ">=3.1.1 <6"

regenerator-runtime@^0.13.11:
  version "0.13.11"
  resolved "https://registry.yarnpkg.com/regenerator-runtime/-/regenerator-runtime-0.13.11.tgz#f6dca3e7ceec20590d07ada785636a90cdca17f9"
  integrity sha512-kY1AZVr2Ra+t+piVaJ4gxaFaReZVH40AKNo7UCX6W+dEwBo/2oZJzqfuN1qLq1oL45o56cPaTXELwrTh8Fpggg==

rsuite-table@^5.8.2:
  version "5.8.2"
  resolved "https://registry.yarnpkg.com/rsuite-table/-/rsuite-table-5.8.2.tgz#3ddfbcd8fc99e0653a81484fe33b13fc7a1e843b"
  integrity sha512-rHNMTwQaaesbH5t3ZvZ37mVRLLL+M7UGdTTALOp9HIAUaECM5W/DEcFVWeaEJQFe3U/C58lj0zB41R3VgsNRKA==
  dependencies:
    "@babel/runtime" "^7.12.5"
    "@juggle/resize-observer" "^3.3.1"
    "@rsuite/icons" "^1.0.0"
    classnames "^2.3.1"
    dom-lib "^3.1.3"
    lodash "^4.17.21"
    react-is "^17.0.2"

rsuite@^5.27.0:
  version "5.27.0"
  resolved "https://registry.yarnpkg.com/rsuite/-/rsuite-5.27.0.tgz#36099e4b055393d36d69fe1303b76c42a96530d0"
  integrity sha512-JydAsqby30x6M7CfHHQ0GGnmrAcD4cYNNzKosdP3/jnBZzCrJprlyJ5U0ISVxL7rh4IiHMVQYfp0PW3v1idwLw==
  dependencies:
    "@babel/runtime" "^7.20.1"
    "@juggle/resize-observer" "^3.4.0"
    "@rsuite/icons" "^1.0.2"
    "@types/chai" "^4.3.3"
    "@types/lodash" "^4.14.184"
    "@types/prop-types" "^15.7.5"
    "@types/react-window" "^1.8.5"
    classnames "^2.3.1"
    date-fns "^2.29.3"
    dom-lib "^3.1.3"
    lodash "^4.17.11"
    prop-types "^15.8.1"
    react-window "^1.8.8"
    rsuite-table "^5.8.2"
    schema-typed "^2.0.3"

schema-typed@^2.0.3:
  version "2.0.3"
  resolved "https://registry.yarnpkg.com/schema-typed/-/schema-typed-2.0.3.tgz#bfd84b31fbb2d13e748736637281032d8bcb2be8"
  integrity sha512-4KckVnJjTtVugYpSAoQrcH4quE4yIVTvI/nHEqtwdceBr/ZCuH2LfV8/gaZFrYU7cwwyufLKaswt28aqQ1T9ww==
  dependencies:
    "@babel/runtime" "^7.16.0"
